
Microsoft Visual Studio Solution File, Format Version 12.00
# Visual Studio Version 17
VisualStudioVersion = 17.7.34018.315
MinimumVisualStudioVersion = 10.0.40219.1
Project("{FAE04EC0-301F-11D3-BF4B-00C04F79EFBC}") = "EJERCICIO 03", "EJERCICIO 03\EJERCICIO 03.csproj", "{148B68F2-1225-4360-9F81-86CEFBEED6CC}"
EndProject
Global
	GlobalSection(SolutionConfigurationPlatforms) = preSolution
		Debug|Any CPU = Debug|Any CPU
		Release|Any CPU = Release|Any CPU
	EndGlobalSection
	GlobalSection(ProjectConfigurationPlatforms) = postSolution
		{148B68F2-1225-4360-9F81-86CEFBEED6CC}.Debug|Any CPU.ActiveCfg = Debug|Any CPU
		{148B68F2-1225-4360-9F81-86CEFBEED6CC}.Debug|Any CPU.Build.0 = Debug|Any CPU
		{148B68F2-1225-4360-9F81-86CEFBEED6CC}.Release|Any CPU.ActiveCfg = Release|Any CPU
		{148B68F2-1225-4360-9F81-86CEFBEED6CC}.Release|Any CPU.Build.0 = Release|Any CPU
	EndGlobalSection
	GlobalSection(SolutionProperties) = preSolution
		HideSolutionNode = FALSE
	EndGlobalSection
	GlobalSection(ExtensibilityGlobals) = postSolution
		SolutionGuid = {DA98BC72-E839-4EE2-9DAB-EB1EA6E0F263}
	EndGlobalSection
EndGlobal
